
Microsoft Visual Studio Solution File, Format Version 12.00
# Visual Studio 15
VisualStudioVersion = 15.0.28307.757
MinimumVisualStudioVersion = 10.0.40219.1
Project("{8BC9CEB8-8B4A-11D0-8D11-00A0C91BC942}") = "algorithms", "algorithms\algorithms.vcxproj", "{8413F1F8-40FF-47A6-B7C0-E195DD47DA3B}"
EndProject
Global
	GlobalSection(SolutionConfigurationPlatforms) = preSolution
		Debug|x64 = Debug|x64
		Debug|x86 = Debug|x86
		Release|x64 = Release|x64
		Release|x86 = Release|x86
	EndGlobalSection
	GlobalSection(ProjectConfigurationPlatforms) = postSolution
		{8413F1F8-40FF-47A6-B7C0-E195DD47DA3B}.Debug|x64.ActiveCfg = Debug|x64
		{8413F1F8-40FF-47A6-B7C0-E195DD47DA3B}.Debug|x64.Build.0 = Debug|x64
		{8413F1F8-40FF-47A6-B7C0-E195DD47DA3B}.Debug|x86.ActiveCfg = Debug|Win32
		{8413F1F8-40FF-47A6-B7C0-E195DD47DA3B}.Debug|x86.Build.0 = Debug|Win32
		{8413F1F8-40FF-47A6-B7C0-E195DD47DA3B}.Release|x64.ActiveCfg = Release|x64
		{8413F1F8-40FF-47A6-B7C0-E195DD47DA3B}.Release|x64.Build.0 = Release|x64
		{8413F1F8-40FF-47A6-B7C0-E195DD47DA3B}.Release|x86.ActiveCfg = Release|Win32
		{8413F1F8-40FF-47A6-B7C0-E195DD47DA3B}.Release|x86.Build.0 = Release|Win32
	EndGlobalSection
	GlobalSection(SolutionProperties) = preSolution
		HideSolutionNode = FALSE
	EndGlobalSection
	GlobalSection(ExtensibilityGlobals) = postSolution
		SolutionGuid = {27A192B7-A409-4B4E-B106-365EB23324D9}
	EndGlobalSection
EndGlobal
